
Microsoft Visual Studio Solution File, Format Version 12.00
# Visual Studio Version 17
VisualStudioVersion = 17.5.002.0
MinimumVisualStudioVersion = 10.0.40219.1
Project("{2150E333-8FDC-42A3-9474-1A3956D46DE8}") = "capstone_aelf", "capstone_aelf", "{3E77B8BE-D531-4A82-A16D-2E7ADF518B97}"
EndProject
Project("{9A19103F-16F7-4668-BE54-9A1E7A4F7556}") = "BuildersDAO", "capstone_aelf\src\BuildersDAO.csproj", "{8D7DCA7D-4AF7-4107-B5BC-B983072B023E}"
EndProject
Project("{9A19103F-16F7-4668-BE54-9A1E7A4F7556}") = "BuildersDAO.Tests", "capstone_aelf\test\BuildersDAO.Tests.csproj", "{3D29B9E0-C34E-4D9C-B5D7-BFFB1C9C8572}"
EndProject
Global
	GlobalSection(SolutionConfigurationPlatforms) = preSolution
		Debug|Any CPU = Debug|Any CPU
		Release|Any CPU = Release|Any CPU
	EndGlobalSection
	GlobalSection(ProjectConfigurationPlatforms) = postSolution
		{8D7DCA7D-4AF7-4107-B5BC-B983072B023E}.Debug|Any CPU.ActiveCfg = Debug|Any CPU
		{8D7DCA7D-4AF7-4107-B5BC-B983072B023E}.Debug|Any CPU.Build.0 = Debug|Any CPU
		{8D7DCA7D-4AF7-4107-B5BC-B983072B023E}.Release|Any CPU.ActiveCfg = Release|Any CPU
		{8D7DCA7D-4AF7-4107-B5BC-B983072B023E}.Release|Any CPU.Build.0 = Release|Any CPU
		{3D29B9E0-C34E-4D9C-B5D7-BFFB1C9C8572}.Debug|Any CPU.ActiveCfg = Debug|Any CPU
		{3D29B9E0-C34E-4D9C-B5D7-BFFB1C9C8572}.Debug|Any CPU.Build.0 = Debug|Any CPU
		{3D29B9E0-C34E-4D9C-B5D7-BFFB1C9C8572}.Release|Any CPU.ActiveCfg = Release|Any CPU
		{3D29B9E0-C34E-4D9C-B5D7-BFFB1C9C8572}.Release|Any CPU.Build.0 = Release|Any CPU
	EndGlobalSection
	GlobalSection(SolutionProperties) = preSolution
		HideSolutionNode = FALSE
	EndGlobalSection
	GlobalSection(NestedProjects) = preSolution
		{8D7DCA7D-4AF7-4107-B5BC-B983072B023E} = {3E77B8BE-D531-4A82-A16D-2E7ADF518B97}
		{3D29B9E0-C34E-4D9C-B5D7-BFFB1C9C8572} = {3E77B8BE-D531-4A82-A16D-2E7ADF518B97}
	EndGlobalSection
	GlobalSection(ExtensibilityGlobals) = postSolution
		SolutionGuid = {8450EDB1-0E67-43AD-83B7-CB1B1DC762E2}
	EndGlobalSection
EndGlobal
